
Microsoft Visual Studio Solution File, Format Version 12.00
# Visual Studio Version 17
VisualStudioVersion = 17.13.35931.197
MinimumVisualStudioVersion = 10.0.40219.1
Project("{8BC9CEB8-8B4A-11D0-8D11-00A0C91BC942}") = "AnlLexica", "AnlLexica\AnlLexica.vcxproj", "{1C22E270-D2C9-49DE-9F76-238D5D1D3629}"
EndProject
Project("{8BC9CEB8-8B4A-11D0-8D11-00A0C91BC942}") = "AnlSemantica", "AnlSemantica\AnlSemantica.vcxproj", "{274A78F9-D4F2-41D2-8D0B-7CC12CF69238}"
EndProject
Project("{8BC9CEB8-8B4A-11D0-8D11-00A0C91BC942}") = "AnlSintatica", "AnlSintatica\AnlSintatica.vcxproj", "{7CDAB2D7-9C03-430B-9C0C-CE30A9137854}"
EndProject
Global
	GlobalSection(SolutionConfigurationPlatforms) = preSolution
		Debug|x64 = Debug|x64
		Debug|x86 = Debug|x86
		Release|x64 = Release|x64
		Release|x86 = Release|x86
	EndGlobalSection
	GlobalSection(ProjectConfigurationPlatforms) = postSolution
		{1C22E270-D2C9-49DE-9F76-238D5D1D3629}.Debug|x64.ActiveCfg = Debug|x64
		{1C22E270-D2C9-49DE-9F76-238D5D1D3629}.Debug|x64.Build.0 = Debug|x64
		{1C22E270-D2C9-49DE-9F76-238D5D1D3629}.Debug|x86.ActiveCfg = Debug|Win32
		{1C22E270-D2C9-49DE-9F76-238D5D1D3629}.Debug|x86.Build.0 = Debug|Win32
		{1C22E270-D2C9-49DE-9F76-238D5D1D3629}.Release|x64.ActiveCfg = Release|x64
		{1C22E270-D2C9-49DE-9F76-238D5D1D3629}.Release|x64.Build.0 = Release|x64
		{1C22E270-D2C9-49DE-9F76-238D5D1D3629}.Release|x86.ActiveCfg = Release|Win32
		{1C22E270-D2C9-49DE-9F76-238D5D1D3629}.Release|x86.Build.0 = Release|Win32
		{274A78F9-D4F2-41D2-8D0B-7CC12CF69238}.Debug|x64.ActiveCfg = Debug|x64
		{274A78F9-D4F2-41D2-8D0B-7CC12CF69238}.Debug|x64.Build.0 = Debug|x64
		{274A78F9-D4F2-41D2-8D0B-7CC12CF69238}.Debug|x86.ActiveCfg = Debug|Win32
		{274A78F9-D4F2-41D2-8D0B-7CC12CF69238}.Debug|x86.Build.0 = Debug|Win32
		{274A78F9-D4F2-41D2-8D0B-7CC12CF69238}.Release|x64.ActiveCfg = Release|x64
		{274A78F9-D4F2-41D2-8D0B-7CC12CF69238}.Release|x64.Build.0 = Release|x64
		{274A78F9-D4F2-41D2-8D0B-7CC12CF69238}.Release|x86.ActiveCfg = Release|Win32
		{274A78F9-D4F2-41D2-8D0B-7CC12CF69238}.Release|x86.Build.0 = Release|Win32
		{7CDAB2D7-9C03-430B-9C0C-CE30A9137854}.Debug|x64.ActiveCfg = Debug|x64
		{7CDAB2D7-9C03-430B-9C0C-CE30A9137854}.Debug|x64.Build.0 = Debug|x64
		{7CDAB2D7-9C03-430B-9C0C-CE30A9137854}.Debug|x86.ActiveCfg = Debug|Win32
		{7CDAB2D7-9C03-430B-9C0C-CE30A9137854}.Debug|x86.Build.0 = Debug|Win32
		{7CDAB2D7-9C03-430B-9C0C-CE30A9137854}.Release|x64.ActiveCfg = Release|x64
		{7CDAB2D7-9C03-430B-9C0C-CE30A9137854}.Release|x64.Build.0 = Release|x64
		{7CDAB2D7-9C03-430B-9C0C-CE30A9137854}.Release|x86.ActiveCfg = Release|Win32
		{7CDAB2D7-9C03-430B-9C0C-CE30A9137854}.Release|x86.Build.0 = Release|Win32
	EndGlobalSection
	GlobalSection(SolutionProperties) = preSolution
		HideSolutionNode = FALSE
	EndGlobalSection
	GlobalSection(ExtensibilityGlobals) = postSolution
		SolutionGuid = {290B1A8C-CEAD-4A2C-BEB9-BC8773081C83}
	EndGlobalSection
EndGlobal
